// !$*UTF8*$!
{
	archiveVersion = 1;
	classes = {
	};
	objectVersion = 55;
	objects = {

/* Begin PBXBuildFile section */
		93F277672771A21F001414E3 /* goofApp.swift in Sources */ = {isa = PBXBuildFile; fileRef = 93F277662771A21F001414E3 /* goofApp.swift */; };
		93F277692771A21F001414E3 /* ContentView.swift in Sources */ = {isa = PBXBuildFile; fileRef = 93F277682771A21F001414E3 /* ContentView.swift */; };
		93F2776B2771A221001414E3 /* Assets.xcassets in Resources */ = {isa = PBXBuildFile; fileRef = 93F2776A2771A221001414E3 /* Assets.xcassets */; };
		93F2776E2771A221001414E3 /* Preview Assets.xcassets in Resources */ = {isa = PBXBuildFile; fileRef = 93F2776D2771A221001414E3 /* Preview Assets.xcassets */; };
		93F277792771A221001414E3 /* goofTests.swift in Sources */ = {isa = PBXBuildFile; fileRef = 93F277782771A221001414E3 /* goofTests.swift */; };
		93F277832771A221001414E3 /* goofUITests.swift in Sources */ = {isa = PBXBuildFile; fileRef = 93F277822771A221001414E3 /* goofUITests.swift */; };
		93F277852771A221001414E3 /* goofUITestsLaunchTests.swift in Sources */ = {isa = PBXBuildFile; fileRef = 93F277842771A221001414E3 /* goofUITestsLaunchTests.swift */; };
/* End PBXBuildFile section */

/* Begin PBXContainerItemProxy section */
		93F277752771A221001414E3 /* PBXContainerItemProxy */ = {
			isa = PBXContainerItemProxy;
			containerPortal = 93F2775B2771A21E001414E3 /* Project object */;
			proxyType = 1;
			remoteGlobalIDString = 93F277622771A21E001414E3;
			remoteInfo = goof;
		};
		93F2777F2771A221001414E3 /* PBXContainerItemProxy */ = {
			isa = PBXContainerItemProxy;
			containerPortal = 93F2775B2771A21E001414E3 /* Project object */;
			proxyType = 1;
			remoteGlobalIDString = 93F277622771A21E001414E3;
			remoteInfo = goof;
		};
/* End PBXContainerItemProxy section */

/* Begin PBXFileReference section */
		93F277632771A21F001414E3 /* goof.app */ = {isa = PBXFileReference; explicitFileType = wrapper.application; includeInIndex = 0; path = goof.app; sourceTree = BUILT_PRODUCTS_DIR; };
		93F277662771A21F001414E3 /* goofApp.swift */ = {isa = PBXFileReference; lastKnownFileType = sourcecode.swift; path = goofApp.swift; sourceTree = "<group>"; };
		93F277682771A21F001414E3 /* ContentView.swift */ = {isa = PBXFileReference; lastKnownFileType = sourcecode.swift; path = ContentView.swift; sourceTree = "<group>"; };
		93F2776A2771A221001414E3 /* Assets.xcassets */ = {isa = PBXFileReference; lastKnownFileType = folder.assetcatalog; path = Assets.xcassets; sourceTree = "<group>"; };
		93F2776D2771A221001414E3 /* Preview Assets.xcassets */ = {isa = PBXFileReference; lastKnownFileType = folder.assetcatalog; path = "Preview Assets.xcassets"; sourceTree = "<group>"; };
		93F2776F2771A221001414E3 /* goof.entitlements */ = {isa = PBXFileReference; lastKnownFileType = text.plist.entitlements; path = goof.entitlements; sourceTree = "<group>"; };
		93F277742771A221001414E3 /* goofTests.xctest */ = {isa = PBXFileReference; explicitFileType = wrapper.cfbundle; includeInIndex = 0; path = goofTests.xctest; sourceTree = BUILT_PRODUCTS_DIR; };
		93F277782771A221001414E3 /* goofTests.swift */ = {isa = PBXFileReference; lastKnownFileType = sourcecode.swift; path = goofTests.swift; sourceTree = "<group>"; };
		93F2777E2771A221001414E3 /* goofUITests.xctest */ = {isa = PBXFileReference; explicitFileType = wrapper.cfbundle; includeInIndex = 0; path = goofUITests.xctest; sourceTree = BUILT_PRODUCTS_DIR; };
		93F277822771A221001414E3 /* goofUITests.swift */ = {isa = PBXFileReference; lastKnownFileType = sourcecode.swift; path = goofUITests.swift; sourceTree = "<group>"; };
		93F277842771A221001414E3 /* goofUITestsLaunchTests.swift */ = {isa = PBXFileReference; lastKnownFileType = sourcecode.swift; path = goofUITestsLaunchTests.swift; sourceTree = "<group>"; };
/* End PBXFileReference section */

/* Begin PBXFrameworksBuildPhase section */
		93F277602771A21E001414E3 /* Frameworks */ = {
			isa = PBXFrameworksBuildPhase;
			buildActionMask = 2147483647;
			files = (
			);
			runOnlyForDeploymentPostprocessing = 0;
		};
		93F277712771A221001414E3 /* Frameworks */ = {
			isa = PBXFrameworksBuildPhase;
			buildActionMask = 2147483647;
			files = (
			);
			runOnlyForDeploymentPostprocessing = 0;
		};
		93F2777B2771A221001414E3 /* Frameworks */ = {
			isa = PBXFrameworksBuildPhase;
			buildActionMask = 2147483647;
			files = (
			);
			runOnlyForDeploymentPostprocessing = 0;
		};
/* End PBXFrameworksBuildPhase section */

/* Begin PBXGroup section */
		93F2775A2771A21E001414E3 = {
			isa = PBXGroup;
			children = (
				93F277652771A21F001414E3 /* goof */,
				93F277772771A221001414E3 /* goofTests */,
				93F277812771A221001414E3 /* goofUITests */,
				93F277642771A21F001414E3 /* Products */,
			);
			sourceTree = "<group>";
		};
		93F277642771A21F001414E3 /* Products */ = {
			isa = PBXGroup;
			children = (
				93F277632771A21F001414E3 /* goof.app */,
				93F277742771A221001414E3 /* goofTests.xctest */,
				93F2777E2771A221001414E3 /* goofUITests.xctest */,
			);
			name = Products;
			sourceTree = "<group>";
		};
		93F277652771A21F001414E3 /* goof */ = {
			isa = PBXGroup;
			children = (
				93F277662771A21F001414E3 /* goofApp.swift */,
				93F277682771A21F001414E3 /* ContentView.swift */,
				93F2776A2771A221001414E3 /* Assets.xcassets */,
				93F2776F2771A221001414E3 /* goof.entitlements */,
				93F2776C2771A221001414E3 /* Preview Content */,
			);
			path = goof;
			sourceTree = "<group>";
		};
		93F2776C2771A221001414E3 /* Preview Content */ = {
			isa = PBXGroup;
			children = (
				93F2776D2771A221001414E3 /* Preview Assets.xcassets */,
			);
			path = "Preview Content";
			sourceTree = "<group>";
		};
		93F277772771A221001414E3 /* goofTests */ = {
			isa = PBXGroup;
			children = (
				93F277782771A221001414E3 /* goofTests.swift */,
			);
			path = goofTests;
			sourceTree = "<group>";
		};
		93F277812771A221001414E3 /* goofUITests */ = {
			isa = PBXGroup;
			children = (
				93F277822771A221001414E3 /* goofUITests.swift */,
				93F277842771A221001414E3 /* goofUITestsLaunchTests.swift */,
			);
			path = goofUITests;
			sourceTree = "<group>";
		};
/* End PBXGroup section */

/* Begin PBXNativeTarget section */
		93F277622771A21E001414E3 /* goof */ = {
			isa = PBXNativeTarget;
			buildConfigurationList = 93F277882771A221001414E3 /* Build configuration list for PBXNativeTarget "goof" */;
			buildPhases = (
				93F2775F2771A21E001414E3 /* Sources */,
				93F277602771A21E001414E3 /* Frameworks */,
				93F277612771A21E001414E3 /* Resources */,
			);
			buildRules = (
			);
			dependencies = (
			);
			name = goof;
			productName = goof;
			productReference = 93F277632771A21F001414E3 /* goof.app */;
			productType = "com.apple.product-type.application";
		};
		93F277732771A221001414E3 /* goofTests */ = {
			isa = PBXNativeTarget;
			buildConfigurationList = 93F2778B2771A221001414E3 /* Build configuration list for PBXNativeTarget "goofTests" */;
			buildPhases = (
				93F277702771A221001414E3 /* Sources */,
				93F277712771A221001414E3 /* Frameworks */,
				93F277722771A221001414E3 /* Resources */,
			);
			buildRules = (
			);
			dependencies = (
				93F277762771A221001414E3 /* PBXTargetDependency */,
			);
			name = goofTests;
			productName = goofTests;
			productReference = 93F277742771A221001414E3 /* goofTests.xctest */;
			productType = "com.apple.product-type.bundle.unit-test";
		};
		93F2777D2771A221001414E3 /* goofUITests */ = {
			isa = PBXNativeTarget;
			buildConfigurationList = 93F2778E2771A221001414E3 /* Build configuration list for PBXNativeTarget "goofUITests" */;
			buildPhases = (
				93F2777A2771A221001414E3 /* Sources */,
				93F2777B2771A221001414E3 /* Frameworks */,
				93F2777C2771A221001414E3 /* Resources */,
			);
			buildRules = (
			);
			dependencies = (
				93F277802771A221001414E3 /* PBXTargetDependency */,
			);
			name = goofUITests;
			productName = goofUITests;
			productReference = 93F2777E2771A221001414E3 /* goofUITests.xctest */;
			productType = "com.apple.product-type.bundle.ui-testing";
		};
/* End PBXNativeTarget section */

/* Begin PBXProject section */
		93F2775B2771A21E001414E3 /* Project object */ = {
			isa = PBXProject;
			attributes = {
				BuildIndependentTargetsInParallel = 1;
				LastSwiftUpdateCheck = 1320;
				LastUpgradeCheck = 1320;
				TargetAttributes = {
					93F277622771A21E001414E3 = {
						CreatedOnToolsVersion = 13.2.1;
					};
					93F277732771A221001414E3 = {
						CreatedOnToolsVersion = 13.2.1;
						TestTargetID = 93F277622771A21E001414E3;
					};
					93F2777D2771A221001414E3 = {
						CreatedOnToolsVersion = 13.2.1;
						TestTargetID = 93F277622771A21E001414E3;
					};
				};
			};
			buildConfigurationList = 93F2775E2771A21E001414E3 /* Build configuration list for PBXProject "goof" */;
			compatibilityVersion = "Xcode 13.0";
			developmentRegion = en;
			hasScannedForEncodings = 0;
			knownRegions = (
				en,
				Base,
			);
			mainGroup = 93F2775A2771A21E001414E3;
			productRefGroup = 93F277642771A21F001414E3 /* Products */;
			projectDirPath = "";
			projectRoot = "";
			targets = (
				93F277622771A21E001414E3 /* goof */,
				93F277732771A221001414E3 /* goofTests */,
				93F2777D2771A221001414E3 /* goofUITests */,
			);
		};
/* End PBXProject section */

/* Begin PBXResourcesBuildPhase section */
		93F277612771A21E001414E3 /* Resources */ = {
			isa = PBXResourcesBuildPhase;
			buildActionMask = 2147483647;
			files = (
				93F2776E2771A221001414E3 /* Preview Assets.xcassets in Resources */,
				93F2776B2771A221001414E3 /* Assets.xcassets in Resources */,
			);
			runOnlyForDeploymentPostprocessing = 0;
		};
		93F277722771A221001414E3 /* Resources */ = {
			isa = PBXResourcesBuildPhase;
			buildActionMask = 2147483647;
			files = (
			);
			runOnlyForDeploymentPostprocessing = 0;
		};
		93F2777C2771A221001414E3 /* Resources */ = {
			isa = PBXResourcesBuildPhase;
			buildActionMask = 2147483647;
			files = (
			);
			runOnlyForDeploymentPostprocessing = 0;
		};
/* End PBXResourcesBuildPhase section */

/* Begin PBXSourcesBuildPhase section */
		93F2775F2771A21E001414E3 /* Sources */ = {
			isa = PBXSourcesBuildPhase;
			buildActionMask = 2147483647;
			files = (
				93F277692771A21F001414E3 /* ContentView.swift in Sources */,
				93F277672771A21F001414E3 /* goofApp.swift in Sources */,
			);
			runOnlyForDeploymentPostprocessing = 0;
		};
		93F277702771A221001414E3 /* Sources */ = {
			isa = PBXSourcesBuildPhase;
			buildActionMask = 2147483647;
			files = (
				93F277792771A221001414E3 /* goofTests.swift in Sources */,
			);
			runOnlyForDeploymentPostprocessing = 0;
		};
		93F2777A2771A221001414E3 /* Sources */ = {
			isa = PBXSourcesBuildPhase;
			buildActionMask = 2147483647;
			files = (
				93F277832771A221001414E3 /* goofUITests.swift in Sources */,
				93F277852771A221001414E3 /* goofUITestsLaunchTests.swift in Sources */,
			);
			runOnlyForDeploymentPostprocessing = 0;
		};
/* End PBXSourcesBuildPhase section */

/* Begin PBXTargetDependency section */
		93F277762771A221001414E3 /* PBXTargetDependency */ = {
			isa = PBXTargetDependency;
			target = 93F277622771A21E001414E3 /* goof */;
			targetProxy = 93F277752771A221001414E3 /* PBXContainerItemProxy */;
		};
		93F277802771A221001414E3 /* PBXTargetDependency */ = {
			isa = PBXTargetDependency;
			target = 93F277622771A21E001414E3 /* goof */;
			targetProxy = 93F2777F2771A221001414E3 /* PBXContainerItemProxy */;
		};
/* End PBXTargetDependency section */

/* Begin XCBuildConfiguration section */
		93F277862771A221001414E3 /* Debug */ = {
			isa = XCBuildConfiguration;
			buildSettings = {
				ALWAYS_SEARCH_USER_PATHS = NO;
				CLANG_ANALYZER_NONNULL = YES;
				CLANG_ANALYZER_NUMBER_OBJECT_CONVERSION = YES_AGGRESSIVE;
				CLANG_CXX_LANGUAGE_STANDARD = "gnu++17";
				CLANG_CXX_LIBRARY = "libc++";
				CLANG_ENABLE_MODULES = YES;
				CLANG_ENABLE_OBJC_ARC = YES;
				CLANG_ENABLE_OBJC_WEAK = YES;
				CLANG_WARN_BLOCK_CAPTURE_AUTORELEASING = YES;
				CLANG_WARN_BOOL_CONVERSION = YES;
				CLANG_WARN_COMMA = YES;
				CLANG_WARN_CONSTANT_CONVERSION = YES;
				CLANG_WARN_DEPRECATED_OBJC_IMPLEMENTATIONS = YES;
				CLANG_WARN_DIRECT_OBJC_ISA_USAGE = YES_ERROR;
				CLANG_WARN_DOCUMENTATION_COMMENTS = YES;
				CLANG_WARN_EMPTY_BODY = YES;
				CLANG_WARN_ENUM_CONVERSION = YES;
				CLANG_WARN_INFINITE_RECURSION = YES;
				CLANG_WARN_INT_CONVERSION = YES;
				CLANG_WARN_NON_LITERAL_NULL_CONVERSION = YES;
				CLANG_WARN_OBJC_IMPLICIT_RETAIN_SELF = YES;
				CLANG_WARN_OBJC_LITERAL_CONVERSION = YES;
				CLANG_WARN_OBJC_ROOT_CLASS = YES_ERROR;
				CLANG_WARN_QUOTED_INCLUDE_IN_FRAMEWORK_HEADER = YES;
				CLANG_WARN_RANGE_LOOP_ANALYSIS = YES;
				CLANG_WARN_STRICT_PROTOTYPES = YES;
				CLANG_WARN_SUSPICIOUS_MOVE = YES;
				CLANG_WARN_UNGUARDED_AVAILABILITY = YES_AGGRESSIVE;
				CLANG_WARN_UNREACHABLE_CODE = YES;
				CLANG_WARN__DUPLICATE_METHOD_MATCH = YES;
				COPY_PHASE_STRIP = NO;
				DEBUG_INFORMATION_FORMAT = dwarf;
				ENABLE_STRICT_OBJC_MSGSEND = YES;
				ENABLE_TESTABILITY = YES;
				GCC_C_LANGUAGE_STANDARD = gnu11;
				GCC_DYNAMIC_NO_PIC = NO;
				GCC_NO_COMMON_BLOCKS = YES;
				GCC_OPTIMIZATION_LEVEL = 0;
				GCC_PREPROCESSOR_DEFINITIONS = (
					"DEBUG=1",
					"$(inherited)",
				);
				GCC_WARN_64_TO_32_BIT_CONVERSION = YES;
				GCC_WARN_ABOUT_RETURN_TYPE = YES_ERROR;
				GCC_WARN_UNDECLARED_SELECTOR = YES;
				GCC_WARN_UNINITIALIZED_AUTOS = YES_AGGRESSIVE;
				GCC_WARN_UNUSED_FUNCTION = YES;
				GCC_WARN_UNUSED_VARIABLE = YES;
				MACOSX_DEPLOYMENT_TARGET = 11.6;
				MTL_ENABLE_DEBUG_INFO = INCLUDE_SOURCE;
				MTL_FAST_MATH = YES;
				ONLY_ACTIVE_ARCH = YES;
				SDKROOT = macosx;
				SWIFT_ACTIVE_COMPILATION_CONDITIONS = DEBUG;
				SWIFT_OPTIMIZATION_LEVEL = "-Onone";
			};
			name = Debug;
		};
		93F277872771A221001414E3 /* Release */ = {
			isa = XCBuildConfiguration;
			buildSettings = {
				ALWAYS_SEARCH_USER_PATHS = NO;
				CLANG_ANALYZER_NONNULL = YES;
				CLANG_ANALYZER_NUMBER_OBJECT_CONVERSION = YES_AGGRESSIVE;
				CLANG_CXX_LANGUAGE_STANDARD = "gnu++17";
				CLANG_CXX_LIBRARY = "libc++";
				CLANG_ENABLE_MODULES = YES;
				CLANG_ENABLE_OBJC_ARC = YES;
				CLANG_ENABLE_OBJC_WEAK = YES;
				CLANG_WARN_BLOCK_CAPTURE_AUTORELEASING = YES;
				CLANG_WARN_BOOL_CONVERSION = YES;
				CLANG_WARN_COMMA = YES;
				CLANG_WARN_CONSTANT_CONVERSION = YES;
				CLANG_WARN_DEPRECATED_OBJC_IMPLEMENTATIONS = YES;
				CLANG_WARN_DIRECT_OBJC_ISA_USAGE = YES_ERROR;
				CLANG_WARN_DOCUMENTATION_COMMENTS = YES;
				CLANG_WARN_EMPTY_BODY = YES;
				CLANG_WARN_ENUM_CONVERSION = YES;
				CLANG_WARN_INFINITE_RECURSION = YES;
				CLANG_WARN_INT_CONVERSION = YES;
				CLANG_WARN_NON_LITERAL_NULL_CONVERSION = YES;
				CLANG_WARN_OBJC_IMPLICIT_RETAIN_SELF = YES;
				CLANG_WARN_OBJC_LITERAL_CONVERSION = YES;
				CLANG_WARN_OBJC_ROOT_CLASS = YES_ERROR;
				CLANG_WARN_QUOTED_INCLUDE_IN_FRAMEWORK_HEADER = YES;
				CLANG_WARN_RANGE_LOOP_ANALYSIS = YES;
				CLANG_WARN_STRICT_PROTOTYPES = YES;
				CLANG_WARN_SUSPICIOUS_MOVE = YES;
				CLANG_WARN_UNGUARDED_AVAILABILITY = YES_AGGRESSIVE;
				CLANG_WARN_UNREACHABLE_CODE = YES;
				CLANG_WARN__DUPLICATE_METHOD_MATCH = YES;
				COPY_PHASE_STRIP = NO;
				DEBUG_INFORMATION_FORMAT = "dwarf-with-dsym";
				ENABLE_NS_ASSERTIONS = NO;
				ENABLE_STRICT_OBJC_MSGSEND = YES;
				GCC_C_LANGUAGE_STANDARD = gnu11;
				GCC_NO_COMMON_BLOCKS = YES;
				GCC_WARN_64_TO_32_BIT_CONVERSION = YES;
				GCC_WARN_ABOUT_RETURN_TYPE = YES_ERROR;
				GCC_WARN_UNDECLARED_SELECTOR = YES;
				GCC_WARN_UNINITIALIZED_AUTOS = YES_AGGRESSIVE;
				GCC_WARN_UNUSED_FUNCTION = YES;
				GCC_WARN_UNUSED_VARIABLE = YES;
				MACOSX_DEPLOYMENT_TARGET = 11.6;
				MTL_ENABLE_DEBUG_INFO = NO;
				MTL_FAST_MATH = YES;
				SDKROOT = macosx;
				SWIFT_COMPILATION_MODE = wholemodule;
				SWIFT_OPTIMIZATION_LEVEL = "-O";
			};
			name = Release;
		};
		93F277892771A221001414E3 /* Debug */ = {
			isa = XCBuildConfiguration;
			buildSettings = {
				ASSETCATALOG_COMPILER_APPICON_NAME = AppIcon;
				ASSETCATALOG_COMPILER_GLOBAL_ACCENT_COLOR_NAME = AccentColor;
				CODE_SIGN_ENTITLEMENTS = goof/goof.entitlements;
				CODE_SIGN_STYLE = Automatic;
				COMBINE_HIDPI_IMAGES = YES;
				CURRENT_PROJECT_VERSION = 1;
				DEVELOPMENT_ASSET_PATHS = "\"goof/Preview Content\"";
				DEVELOPMENT_TEAM = Z4BB8U285K;
				ENABLE_HARDENED_RUNTIME = YES;
				ENABLE_PREVIEWS = YES;
				GENERATE_INFOPLIST_FILE = YES;
				INFOPLIST_KEY_NSHumanReadableCopyright = "";
				LD_RUNPATH_SEARCH_PATHS = (
					"$(inherited)",
					"@executable_path/../Frameworks",
				);
				MARKETING_VERSION = 1.0;
				PRODUCT_BUNDLE_IDENTIFIER = Logeast.goof;
				PRODUCT_NAME = "$(TARGET_NAME)";
				SWIFT_EMIT_LOC_STRINGS = YES;
				SWIFT_VERSION = 5.0;
			};
			name = Debug;
		};
		93F2778A2771A221001414E3 /* Release */ = {
			isa = XCBuildConfiguration;
			buildSettings = {
				ASSETCATALOG_COMPILER_APPICON_NAME = AppIcon;
				ASSETCATALOG_COMPILER_GLOBAL_ACCENT_COLOR_NAME = AccentColor;
				CODE_SIGN_ENTITLEMENTS = goof/goof.entitlements;
				CODE_SIGN_STYLE = Automatic;
				COMBINE_HIDPI_IMAGES = YES;
				CURRENT_PROJECT_VERSION = 1;
				DEVELOPMENT_ASSET_PATHS = "\"goof/Preview Content\"";
				DEVELOPMENT_TEAM = Z4BB8U285K;
				ENABLE_HARDENED_RUNTIME = YES;
				ENABLE_PREVIEWS = YES;
				GENERATE_INFOPLIST_FILE = YES;
				INFOPLIST_KEY_NSHumanReadableCopyright = "";
				LD_RUNPATH_SEARCH_PATHS = (
					"$(inherited)",
					"@executable_path/../Frameworks",
				);
				MARKETING_VERSION = 1.0;
				PRODUCT_BUNDLE_IDENTIFIER = Logeast.goof;
				PRODUCT_NAME = "$(TARGET_NAME)";
				SWIFT_EMIT_LOC_STRINGS = YES;
				SWIFT_VERSION = 5.0;
			};
			name = Release;
		};
		93F2778C2771A221001414E3 /* Debug */ = {
			isa = XCBuildConfiguration;
			buildSettings = {
				ALWAYS_EMBED_SWIFT_STANDARD_LIBRARIES = YES;
				BUNDLE_LOADER = "$(TEST_HOST)";
				CODE_SIGN_STYLE = Automatic;
				CURRENT_PROJECT_VERSION = 1;
				DEVELOPMENT_TEAM = Z4BB8U285K;
				GENERATE_INFOPLIST_FILE = YES;
				MACOSX_DEPLOYMENT_TARGET = 11.6;
				MARKETING_VERSION = 1.0;
				PRODUCT_BUNDLE_IDENTIFIER = Logeast.goofTests;
				PRODUCT_NAME = "$(TARGET_NAME)";
				SWIFT_EMIT_LOC_STRINGS = NO;
				SWIFT_VERSION = 5.0;
				TEST_HOST = "$(BUILT_PRODUCTS_DIR)/goof.app/Contents/MacOS/goof";
			};
			name = Debug;
		};
		93F2778D2771A221001414E3 /* Release */ = {
			isa = XCBuildConfiguration;
			buildSettings = {
				ALWAYS_EMBED_SWIFT_STANDARD_LIBRARIES = YES;
				BUNDLE_LOADER = "$(TEST_HOST)";
				CODE_SIGN_STYLE = Automatic;
				CURRENT_PROJECT_VERSION = 1;
				DEVELOPMENT_TEAM = Z4BB8U285K;
				GENERATE_INFOPLIST_FILE = YES;
				MACOSX_DEPLOYMENT_TARGET = 11.6;
				MARKETING_VERSION = 1.0;
				PRODUCT_BUNDLE_IDENTIFIER = Logeast.goofTests;
				PRODUCT_NAME = "$(TARGET_NAME)";
				SWIFT_EMIT_LOC_STRINGS = NO;
				SWIFT_VERSION = 5.0;
				TEST_HOST = "$(BUILT_PRODUCTS_DIR)/goof.app/Contents/MacOS/goof";
			};
			name = Release;
		};
		93F2778F2771A221001414E3 /* Debug */ = {
			isa = XCBuildConfiguration;
			buildSettings = {
				ALWAYS_EMBED_SWIFT_STANDARD_LIBRARIES = YES;
				CODE_SIGN_STYLE = Automatic;
				CURRENT_PROJECT_VERSION = 1;
				DEVELOPMENT_TEAM = Z4BB8U285K;
				GENERATE_INFOPLIST_FILE = YES;
				MARKETING_VERSION = 1.0;
				PRODUCT_BUNDLE_IDENTIFIER = Logeast.goofUITests;
				PRODUCT_NAME = "$(TARGET_NAME)";
				SWIFT_EMIT_LOC_STRINGS = NO;
				SWIFT_VERSION = 5.0;
				TEST_TARGET_NAME = goof;
			};
			name = Debug;
		};
		93F277902771A221001414E3 /* Release */ = {
			isa = XCBuildConfiguration;
			buildSettings = {
				ALWAYS_EMBED_SWIFT_STANDARD_LIBRARIES = YES;
				CODE_SIGN_STYLE = Automatic;
				CURRENT_PROJECT_VERSION = 1;
				DEVELOPMENT_TEAM = Z4BB8U285K;
				GENERATE_INFOPLIST_FILE = YES;
				MARKETING_VERSION = 1.0;
				PRODUCT_BUNDLE_IDENTIFIER = Logeast.goofUITests;
				PRODUCT_NAME = "$(TARGET_NAME)";
				SWIFT_EMIT_LOC_STRINGS = NO;
				SWIFT_VERSION = 5.0;
				TEST_TARGET_NAME = goof;
			};
			name = Release;
		};
/* End XCBuildConfiguration section */

/* Begin XCConfigurationList section */
		93F2775E2771A21E001414E3 /* Build configuration list for PBXProject "goof" */ = {
			isa = XCConfigurationList;
			buildConfigurations = (
				93F277862771A221001414E3 /* Debug */,
				93F277872771A221001414E3 /* Release */,
			);
			defaultConfigurationIsVisible = 0;
			defaultConfigurationName = Release;
		};
		93F277882771A221001414E3 /* Build configuration list for PBXNativeTarget "goof" */ = {
			isa = XCConfigurationList;
			buildConfigurations = (
				93F277892771A221001414E3 /* Debug */,
				93F2778A2771A221001414E3 /* Release */,
			);
			defaultConfigurationIsVisible = 0;
			defaultConfigurationName = Release;
		};
		93F2778B2771A221001414E3 /* Build configuration list for PBXNativeTarget "goofTests" */ = {
			isa = XCConfigurationList;
			buildConfigurations = (
				93F2778C2771A221001414E3 /* Debug */,
				93F2778D2771A221001414E3 /* Release */,
			);
			defaultConfigurationIsVisible = 0;
			defaultConfigurationName = Release;
		};
		93F2778E2771A221001414E3 /* Build configuration list for PBXNativeTarget "goofUITests" */ = {
			isa = XCConfigurationList;
			buildConfigurations = (
				93F2778F2771A221001414E3 /* Debug */,
				93F277902771A221001414E3 /* Release */,
			);
			defaultConfigurationIsVisible = 0;
			defaultConfigurationName = Release;
		};
/* End XCConfigurationList section */
	};
	rootObject = 93F2775B2771A21E001414E3 /* Project object */;
}
